
Microsoft Visual Studio Solution File, Format Version 12.00
# Visual Studio Version 17
VisualStudioVersion = 17.13.35931.197
MinimumVisualStudioVersion = 10.0.40219.1
Project("{FAE04EC0-301F-11D3-BF4B-00C04F79EFBC}") = "user-management-system-winforms", "user-management-system-winforms\user-management-system-winforms.csproj", "{D333621F-9EA3-483D-8BEF-D0FC45CBAB3A}"
EndProject
Global
	GlobalSection(SolutionConfigurationPlatforms) = preSolution
		Debug|Any CPU = Debug|Any CPU
		Release|Any CPU = Release|Any CPU
	EndGlobalSection
	GlobalSection(ProjectConfigurationPlatforms) = postSolution
		{D333621F-9EA3-483D-8BEF-D0FC45CBAB3A}.Debug|Any CPU.ActiveCfg = Debug|Any CPU
		{D333621F-9EA3-483D-8BEF-D0FC45CBAB3A}.Debug|Any CPU.Build.0 = Debug|Any CPU
		{D333621F-9EA3-483D-8BEF-D0FC45CBAB3A}.Release|Any CPU.ActiveCfg = Release|Any CPU
		{D333621F-9EA3-483D-8BEF-D0FC45CBAB3A}.Release|Any CPU.Build.0 = Release|Any CPU
	EndGlobalSection
	GlobalSection(SolutionProperties) = preSolution
		HideSolutionNode = FALSE
	EndGlobalSection
	GlobalSection(ExtensibilityGlobals) = postSolution
		SolutionGuid = {ED9E6A31-1FA5-4884-BEA8-CFA9513C1A26}
	EndGlobalSection
EndGlobal
